{
  "version": "4",
  "remote": {
    "https://esm.sh/@supabase/supabase-js@2.49.8": "fd72c6e822ed41d5fe7ad3bbe3a48420abbb21a579c73d532b36a6467f5b5f7d"
  },
  "workspace": {
    "packageJson": {
      "dependencies": [
        "npm:@base-ui/react@^1.4.0",
        "npm:@eslint/js@^9.39.4",
        "npm:@fontsource-variable/geist@^5.2.8",
        "npm:@fontsource-variable/plus-jakarta-sans@^5.2.8",
        "npm:@playwright/test@^1.59.1",
        "npm:@supabase/supabase-js@^2.103.3",
        "npm:@tailwindcss/vite@^4.2.2",
        "npm:@types/node@^24.12.2",
        "npm:@types/react-dom@^19.2.3",
        "npm:@types/react@^19.2.14",
        "npm:@vitejs/plugin-react@^6.0.1",
        "npm:class-variance-authority@~0.7.1",
        "npm:clsx@^2.1.1",
        "npm:cmdk@^1.1.1",
        "npm:eslint-plugin-react-hooks@^7.0.1",
        "npm:eslint-plugin-react-refresh@~0.5.2",
        "npm:eslint@^9.39.4",
        "npm:globals@^17.4.0",
        "npm:lucide-react@^1.8.0",
        "npm:next-themes@~0.4.6",
        "npm:phosphor-react@^1.4.1",
        "npm:react-dom@^19.2.4",
        "npm:react-markdown@^10.1.0",
        "npm:react-router-dom@^7.14.1",
        "npm:react@^19.2.4",
        "npm:recharts@^3.8.1",
        "npm:remark-gfm@^4.0.1",
        "npm:shadcn@^4.3.0",
        "npm:sonner@^2.0.7",
        "npm:tailwind-merge@^3.5.0",
        "npm:tailwindcss@^4.2.2",
        "npm:tw-animate-css@^1.4.0",
        "npm:typescript-eslint@^8.58.0",
        "npm:typescript@~6.0.2",
        "npm:vite@^8.0.4"
      ]
    }
  }
}
